// !$*UTF8*$!
{
	archiveVersion = 1;
	classes = {
	};
	objectVersion = 56;
	objects = {

/* Begin PBXBuildFile section */
		5047D5C029AFA7140021832F /* MusicByLocationApp.swift in Sources */ = {isa = PBXBuildFile; fileRef = 5047D5BF29AFA7140021832F /* MusicByLocationApp.swift */; };
		5047D5C229AFA7140021832F /* ContentView.swift in Sources */ = {isa = PBXBuildFile; fileRef = 5047D5C129AFA7140021832F /* ContentView.swift */; };
		5047D5C429AFA7160021832F /* Assets.xcassets in Resources */ = {isa = PBXBuildFile; fileRef = 5047D5C329AFA7160021832F /* Assets.xcassets */; };
		5047D5C729AFA7160021832F /* Preview Assets.xcassets in Resources */ = {isa = PBXBuildFile; fileRef = 5047D5C629AFA7160021832F /* Preview Assets.xcassets */; };
		5047D5D129AFA7160021832F /* MusicByLocationTests.swift in Sources */ = {isa = PBXBuildFile; fileRef = 5047D5D029AFA7160021832F /* MusicByLocationTests.swift */; };
		5047D5DB29AFA7170021832F /* MusicByLocationUITests.swift in Sources */ = {isa = PBXBuildFile; fileRef = 5047D5DA29AFA7170021832F /* MusicByLocationUITests.swift */; };
		5047D5DD29AFA7170021832F /* MusicByLocationUITestsLaunchTests.swift in Sources */ = {isa = PBXBuildFile; fileRef = 5047D5DC29AFA7170021832F /* MusicByLocationUITestsLaunchTests.swift */; };
		5047D5EA29AFA8530021832F /* LocationHandler.swift in Sources */ = {isa = PBXBuildFile; fileRef = 5047D5E929AFA8530021832F /* LocationHandler.swift */; };
		505865B329BD1FD300FDA252 /* ITunesAdaptor.swift in Sources */ = {isa = PBXBuildFile; fileRef = 505865B229BD1FD300FDA252 /* ITunesAdaptor.swift */; };
		505E568129B10AE0008B7A38 /* CLPlacemark.swift in Sources */ = {isa = PBXBuildFile; fileRef = 505E568029B10AE0008B7A38 /* CLPlacemark.swift */; };
		505E568329B10C16008B7A38 /* StateController.swift in Sources */ = {isa = PBXBuildFile; fileRef = 505E568229B10C16008B7A38 /* StateController.swift */; };
		505E568829B12011008B7A38 /* Artist.swift in Sources */ = {isa = PBXBuildFile; fileRef = 505E568729B12011008B7A38 /* Artist.swift */; };
		505E568A29B124F9008B7A38 /* ArtistResponse.swift in Sources */ = {isa = PBXBuildFile; fileRef = 505E568929B124F9008B7A38 /* ArtistResponse.swift */; };
/* End PBXBuildFile section */

/* Begin PBXContainerItemProxy section */
		5047D5CD29AFA7160021832F /* PBXContainerItemProxy */ = {
			isa = PBXContainerItemProxy;
			containerPortal = 5047D5B429AFA7140021832F /* Project object */;
			proxyType = 1;
			remoteGlobalIDString = 5047D5BB29AFA7140021832F;
			remoteInfo = MusicByLocation;
		};
		5047D5D729AFA7170021832F /* PBXContainerItemProxy */ = {
			isa = PBXContainerItemProxy;
			containerPortal = 5047D5B429AFA7140021832F /* Project object */;
			proxyType = 1;
			remoteGlobalIDString = 5047D5BB29AFA7140021832F;
			remoteInfo = MusicByLocation;
		};
/* End PBXContainerItemProxy section */

/* Begin PBXFileReference section */
		5047D5BC29AFA7140021832F /* MusicByLocation.app */ = {isa = PBXFileReference; explicitFileType = wrapper.application; includeInIndex = 0; path = MusicByLocation.app; sourceTree = BUILT_PRODUCTS_DIR; };
		5047D5BF29AFA7140021832F /* MusicByLocationApp.swift */ = {isa = PBXFileReference; lastKnownFileType = sourcecode.swift; path = MusicByLocationApp.swift; sourceTree = "<group>"; };
		5047D5C129AFA7140021832F /* ContentView.swift */ = {isa = PBXFileReference; lastKnownFileType = sourcecode.swift; path = ContentView.swift; sourceTree = "<group>"; };
		5047D5C329AFA7160021832F /* Assets.xcassets */ = {isa = PBXFileReference; lastKnownFileType = folder.assetcatalog; path = Assets.xcassets; sourceTree = "<group>"; };
		5047D5C629AFA7160021832F /* Preview Assets.xcassets */ = {isa = PBXFileReference; lastKnownFileType = folder.assetcatalog; path = "Preview Assets.xcassets"; sourceTree = "<group>"; };
		5047D5CC29AFA7160021832F /* MusicByLocationTests.xctest */ = {isa = PBXFileReference; explicitFileType = wrapper.cfbundle; includeInIndex = 0; path = MusicByLocationTests.xctest; sourceTree = BUILT_PRODUCTS_DIR; };
		5047D5D029AFA7160021832F /* MusicByLocationTests.swift */ = {isa = PBXFileReference; lastKnownFileType = sourcecode.swift; path = MusicByLocationTests.swift; sourceTree = "<group>"; };
		5047D5D629AFA7160021832F /* MusicByLocationUITests.xctest */ = {isa = PBXFileReference; explicitFileType = wrapper.cfbundle; includeInIndex = 0; path = MusicByLocationUITests.xctest; sourceTree = BUILT_PRODUCTS_DIR; };
		5047D5DA29AFA7170021832F /* MusicByLocationUITests.swift */ = {isa = PBXFileReference; lastKnownFileType = sourcecode.swift; path = MusicByLocationUITests.swift; sourceTree = "<group>"; };
		5047D5DC29AFA7170021832F /* MusicByLocationUITestsLaunchTests.swift */ = {isa = PBXFileReference; lastKnownFileType = sourcecode.swift; path = MusicByLocationUITestsLaunchTests.swift; sourceTree = "<group>"; };
		5047D5E929AFA8530021832F /* LocationHandler.swift */ = {isa = PBXFileReference; lastKnownFileType = sourcecode.swift; path = LocationHandler.swift; sourceTree = "<group>"; };
		505865B229BD1FD300FDA252 /* ITunesAdaptor.swift */ = {isa = PBXFileReference; lastKnownFileType = sourcecode.swift; path = ITunesAdaptor.swift; sourceTree = "<group>"; };
		505E568029B10AE0008B7A38 /* CLPlacemark.swift */ = {isa = PBXFileReference; lastKnownFileType = sourcecode.swift; path = CLPlacemark.swift; sourceTree = "<group>"; };
		505E568229B10C16008B7A38 /* StateController.swift */ = {isa = PBXFileReference; lastKnownFileType = sourcecode.swift; path = StateController.swift; sourceTree = "<group>"; };
		505E568729B12011008B7A38 /* Artist.swift */ = {isa = PBXFileReference; lastKnownFileType = sourcecode.swift; path = Artist.swift; sourceTree = "<group>"; };
		505E568929B124F9008B7A38 /* ArtistResponse.swift */ = {isa = PBXFileReference; lastKnownFileType = sourcecode.swift; path = ArtistResponse.swift; sourceTree = "<group>"; };
/* End PBXFileReference section */

/* Begin PBXFrameworksBuildPhase section */
		5047D5B929AFA7140021832F /* Frameworks */ = {
			isa = PBXFrameworksBuildPhase;
			buildActionMask = 2147483647;
			files = (
			);
			runOnlyForDeploymentPostprocessing = 0;
		};
		5047D5C929AFA7160021832F /* Frameworks */ = {
			isa = PBXFrameworksBuildPhase;
			buildActionMask = 2147483647;
			files = (
			);
			runOnlyForDeploymentPostprocessing = 0;
		};
		5047D5D329AFA7160021832F /* Frameworks */ = {
			isa = PBXFrameworksBuildPhase;
			buildActionMask = 2147483647;
			files = (
			);
			runOnlyForDeploymentPostprocessing = 0;
		};
/* End PBXFrameworksBuildPhase section */

/* Begin PBXGroup section */
		5047D5B329AFA7140021832F = {
			isa = PBXGroup;
			children = (
				5047D5BE29AFA7140021832F /* MusicByLocation */,
				5047D5CF29AFA7160021832F /* MusicByLocationTests */,
				5047D5D929AFA7170021832F /* MusicByLocationUITests */,
				5047D5BD29AFA7140021832F /* Products */,
			);
			sourceTree = "<group>";
		};
		5047D5BD29AFA7140021832F /* Products */ = {
			isa = PBXGroup;
			children = (
				5047D5BC29AFA7140021832F /* MusicByLocation.app */,
				5047D5CC29AFA7160021832F /* MusicByLocationTests.xctest */,
				5047D5D629AFA7160021832F /* MusicByLocationUITests.xctest */,
			);
			name = Products;
			sourceTree = "<group>";
		};
		5047D5BE29AFA7140021832F /* MusicByLocation */ = {
			isa = PBXGroup;
			children = (
				505E568429B11FD6008B7A38 /* Model */,
				505E567F29B10AB6008B7A38 /* Extensions */,
				5047D5BF29AFA7140021832F /* MusicByLocationApp.swift */,
				5047D5C129AFA7140021832F /* ContentView.swift */,
				5047D5C329AFA7160021832F /* Assets.xcassets */,
				5047D5C529AFA7160021832F /* Preview Content */,
				5047D5E929AFA8530021832F /* LocationHandler.swift */,
				505E568229B10C16008B7A38 /* StateController.swift */,
				505865B229BD1FD300FDA252 /* ITunesAdaptor.swift */,
			);
			path = MusicByLocation;
			sourceTree = "<group>";
		};
		5047D5C529AFA7160021832F /* Preview Content */ = {
			isa = PBXGroup;
			children = (
				5047D5C629AFA7160021832F /* Preview Assets.xcassets */,
			);
			path = "Preview Content";
			sourceTree = "<group>";
		};
		5047D5CF29AFA7160021832F /* MusicByLocationTests */ = {
			isa = PBXGroup;
			children = (
				5047D5D029AFA7160021832F /* MusicByLocationTests.swift */,
			);
			path = MusicByLocationTests;
			sourceTree = "<group>";
		};
		5047D5D929AFA7170021832F /* MusicByLocationUITests */ = {
			isa = PBXGroup;
			children = (
				5047D5DA29AFA7170021832F /* MusicByLocationUITests.swift */,
				5047D5DC29AFA7170021832F /* MusicByLocationUITestsLaunchTests.swift */,
			);
			path = MusicByLocationUITests;
			sourceTree = "<group>";
		};
		505E567F29B10AB6008B7A38 /* Extensions */ = {
			isa = PBXGroup;
			children = (
				505E568029B10AE0008B7A38 /* CLPlacemark.swift */,
			);
			path = Extensions;
			sourceTree = "<group>";
		};
		505E568429B11FD6008B7A38 /* Model */ = {
			isa = PBXGroup;
			children = (
				505E568929B124F9008B7A38 /* ArtistResponse.swift */,
				505E568729B12011008B7A38 /* Artist.swift */,
			);
			path = Model;
			sourceTree = "<group>";
		};
/* End PBXGroup section */

/* Begin PBXNativeTarget section */
		5047D5BB29AFA7140021832F /* MusicByLocation */ = {
			isa = PBXNativeTarget;
			buildConfigurationList = 5047D5E029AFA7170021832F /* Build configuration list for PBXNativeTarget "MusicByLocation" */;
			buildPhases = (
				5047D5B829AFA7140021832F /* Sources */,
				5047D5B929AFA7140021832F /* Frameworks */,
				5047D5BA29AFA7140021832F /* Resources */,
			);
			buildRules = (
			);
			dependencies = (
			);
			name = MusicByLocation;
			productName = MusicByLocation;
			productReference = 5047D5BC29AFA7140021832F /* MusicByLocation.app */;
			productType = "com.apple.product-type.application";
		};
		5047D5CB29AFA7160021832F /* MusicByLocationTests */ = {
			isa = PBXNativeTarget;
			buildConfigurationList = 5047D5E329AFA7170021832F /* Build configuration list for PBXNativeTarget "MusicByLocationTests" */;
			buildPhases = (
				5047D5C829AFA7160021832F /* Sources */,
				5047D5C929AFA7160021832F /* Frameworks */,
				5047D5CA29AFA7160021832F /* Resources */,
			);
			buildRules = (
			);
			dependencies = (
				5047D5CE29AFA7160021832F /* PBXTargetDependency */,
			);
			name = MusicByLocationTests;
			productName = MusicByLocationTests;
			productReference = 5047D5CC29AFA7160021832F /* MusicByLocationTests.xctest */;
			productType = "com.apple.product-type.bundle.unit-test";
		};
		5047D5D529AFA7160021832F /* MusicByLocationUITests */ = {
			isa = PBXNativeTarget;
			buildConfigurationList = 5047D5E629AFA7170021832F /* Build configuration list for PBXNativeTarget "MusicByLocationUITests" */;
			buildPhases = (
				5047D5D229AFA7160021832F /* Sources */,
				5047D5D329AFA7160021832F /* Frameworks */,
				5047D5D429AFA7160021832F /* Resources */,
			);
			buildRules = (
			);
			dependencies = (
				5047D5D829AFA7170021832F /* PBXTargetDependency */,
			);
			name = MusicByLocationUITests;
			productName = MusicByLocationUITests;
			productReference = 5047D5D629AFA7160021832F /* MusicByLocationUITests.xctest */;
			productType = "com.apple.product-type.bundle.ui-testing";
		};
/* End PBXNativeTarget section */

/* Begin PBXProject section */
		5047D5B429AFA7140021832F /* Project object */ = {
			isa = PBXProject;
			attributes = {
				BuildIndependentTargetsInParallel = 1;
				LastSwiftUpdateCheck = 1420;
				LastUpgradeCheck = 1420;
				TargetAttributes = {
					5047D5BB29AFA7140021832F = {
						CreatedOnToolsVersion = 14.2;
					};
					5047D5CB29AFA7160021832F = {
						CreatedOnToolsVersion = 14.2;
						TestTargetID = 5047D5BB29AFA7140021832F;
					};
					5047D5D529AFA7160021832F = {
						CreatedOnToolsVersion = 14.2;
						TestTargetID = 5047D5BB29AFA7140021832F;
					};
				};
			};
			buildConfigurationList = 5047D5B729AFA7140021832F /* Build configuration list for PBXProject "MusicByLocation" */;
			compatibilityVersion = "Xcode 14.0";
			developmentRegion = en;
			hasScannedForEncodings = 0;
			knownRegions = (
				en,
				Base,
			);
			mainGroup = 5047D5B329AFA7140021832F;
			productRefGroup = 5047D5BD29AFA7140021832F /* Products */;
			projectDirPath = "";
			projectRoot = "";
			targets = (
				5047D5BB29AFA7140021832F /* MusicByLocation */,
				5047D5CB29AFA7160021832F /* MusicByLocationTests */,
				5047D5D529AFA7160021832F /* MusicByLocationUITests */,
			);
		};
/* End PBXProject section */

/* Begin PBXResourcesBuildPhase section */
		5047D5BA29AFA7140021832F /* Resources */ = {
			isa = PBXResourcesBuildPhase;
			buildActionMask = 2147483647;
			files = (
				5047D5C729AFA7160021832F /* Preview Assets.xcassets in Resources */,
				5047D5C429AFA7160021832F /* Assets.xcassets in Resources */,
			);
			runOnlyForDeploymentPostprocessing = 0;
		};
		5047D5CA29AFA7160021832F /* Resources */ = {
			isa = PBXResourcesBuildPhase;
			buildActionMask = 2147483647;
			files = (
			);
			runOnlyForDeploymentPostprocessing = 0;
		};
		5047D5D429AFA7160021832F /* Resources */ = {
			isa = PBXResourcesBuildPhase;
			buildActionMask = 2147483647;
			files = (
			);
			runOnlyForDeploymentPostprocessing = 0;
		};
/* End PBXResourcesBuildPhase section */

/* Begin PBXSourcesBuildPhase section */
		5047D5B829AFA7140021832F /* Sources */ = {
			isa = PBXSourcesBuildPhase;
			buildActionMask = 2147483647;
			files = (
				5047D5EA29AFA8530021832F /* LocationHandler.swift in Sources */,
				505865B329BD1FD300FDA252 /* ITunesAdaptor.swift in Sources */,
				5047D5C229AFA7140021832F /* ContentView.swift in Sources */,
				5047D5C029AFA7140021832F /* MusicByLocationApp.swift in Sources */,
				505E568129B10AE0008B7A38 /* CLPlacemark.swift in Sources */,
				505E568329B10C16008B7A38 /* StateController.swift in Sources */,
				505E568A29B124F9008B7A38 /* ArtistResponse.swift in Sources */,
				505E568829B12011008B7A38 /* Artist.swift in Sources */,
			);
			runOnlyForDeploymentPostprocessing = 0;
		};
		5047D5C829AFA7160021832F /* Sources */ = {
			isa = PBXSourcesBuildPhase;
			buildActionMask = 2147483647;
			files = (
				5047D5D129AFA7160021832F /* MusicByLocationTests.swift in Sources */,
			);
			runOnlyForDeploymentPostprocessing = 0;
		};
		5047D5D229AFA7160021832F /* Sources */ = {
			isa = PBXSourcesBuildPhase;
			buildActionMask = 2147483647;
			files = (
				5047D5DD29AFA7170021832F /* MusicByLocationUITestsLaunchTests.swift in Sources */,
				5047D5DB29AFA7170021832F /* MusicByLocationUITests.swift in Sources */,
			);
			runOnlyForDeploymentPostprocessing = 0;
		};
/* End PBXSourcesBuildPhase section */

/* Begin PBXTargetDependency section */
		5047D5CE29AFA7160021832F /* PBXTargetDependency */ = {
			isa = PBXTargetDependency;
			target = 5047D5BB29AFA7140021832F /* MusicByLocation */;
			targetProxy = 5047D5CD29AFA7160021832F /* PBXContainerItemProxy */;
		};
		5047D5D829AFA7170021832F /* PBXTargetDependency */ = {
			isa = PBXTargetDependency;
			target = 5047D5BB29AFA7140021832F /* MusicByLocation */;
			targetProxy = 5047D5D729AFA7170021832F /* PBXContainerItemProxy */;
		};
/* End PBXTargetDependency section */

/* Begin XCBuildConfiguration section */
		5047D5DE29AFA7170021832F /* Debug */ = {
			isa = XCBuildConfiguration;
			buildSettings = {
				ALWAYS_SEARCH_USER_PATHS = NO;
				CLANG_ANALYZER_NONNULL = YES;
				CLANG_ANALYZER_NUMBER_OBJECT_CONVERSION = YES_AGGRESSIVE;
				CLANG_CXX_LANGUAGE_STANDARD = "gnu++20";
				CLANG_ENABLE_MODULES = YES;
				CLANG_ENABLE_OBJC_ARC = YES;
				CLANG_ENABLE_OBJC_WEAK = YES;
				CLANG_WARN_BLOCK_CAPTURE_AUTORELEASING = YES;
				CLANG_WARN_BOOL_CONVERSION = YES;
				CLANG_WARN_COMMA = YES;
				CLANG_WARN_CONSTANT_CONVERSION = YES;
				CLANG_WARN_DEPRECATED_OBJC_IMPLEMENTATIONS = YES;
				CLANG_WARN_DIRECT_OBJC_ISA_USAGE = YES_ERROR;
				CLANG_WARN_DOCUMENTATION_COMMENTS = YES;
				CLANG_WARN_EMPTY_BODY = YES;
				CLANG_WARN_ENUM_CONVERSION = YES;
				CLANG_WARN_INFINITE_RECURSION = YES;
				CLANG_WARN_INT_CONVERSION = YES;
				CLANG_WARN_NON_LITERAL_NULL_CONVERSION = YES;
				CLANG_WARN_OBJC_IMPLICIT_RETAIN_SELF = YES;
				CLANG_WARN_OBJC_LITERAL_CONVERSION = YES;
				CLANG_WARN_OBJC_ROOT_CLASS = YES_ERROR;
				CLANG_WARN_QUOTED_INCLUDE_IN_FRAMEWORK_HEADER = YES;
				CLANG_WARN_RANGE_LOOP_ANALYSIS = YES;
				CLANG_WARN_STRICT_PROTOTYPES = YES;
				CLANG_WARN_SUSPICIOUS_MOVE = YES;
				CLANG_WARN_UNGUARDED_AVAILABILITY = YES_AGGRESSIVE;
				CLANG_WARN_UNREACHABLE_CODE = YES;
				CLANG_WARN__DUPLICATE_METHOD_MATCH = YES;
				COPY_PHASE_STRIP = NO;
				DEBUG_INFORMATION_FORMAT = dwarf;
				ENABLE_STRICT_OBJC_MSGSEND = YES;
				ENABLE_TESTABILITY = YES;
				GCC_C_LANGUAGE_STANDARD = gnu11;
				GCC_DYNAMIC_NO_PIC = NO;
				GCC_NO_COMMON_BLOCKS = YES;
				GCC_OPTIMIZATION_LEVEL = 0;
				GCC_PREPROCESSOR_DEFINITIONS = (
					"DEBUG=1",
					"$(inherited)",
				);
				GCC_WARN_64_TO_32_BIT_CONVERSION = YES;
				GCC_WARN_ABOUT_RETURN_TYPE = YES_ERROR;
				GCC_WARN_UNDECLARED_SELECTOR = YES;
				GCC_WARN_UNINITIALIZED_AUTOS = YES_AGGRESSIVE;
				GCC_WARN_UNUSED_FUNCTION = YES;
				GCC_WARN_UNUSED_VARIABLE = YES;
				IPHONEOS_DEPLOYMENT_TARGET = 16.2;
				MTL_ENABLE_DEBUG_INFO = INCLUDE_SOURCE;
				MTL_FAST_MATH = YES;
				ONLY_ACTIVE_ARCH = YES;
				SDKROOT = iphoneos;
				SWIFT_ACTIVE_COMPILATION_CONDITIONS = DEBUG;
				SWIFT_OPTIMIZATION_LEVEL = "-Onone";
			};
			name = Debug;
		};
		5047D5DF29AFA7170021832F /* Release */ = {
			isa = XCBuildConfiguration;
			buildSettings = {
				ALWAYS_SEARCH_USER_PATHS = NO;
				CLANG_ANALYZER_NONNULL = YES;
				CLANG_ANALYZER_NUMBER_OBJECT_CONVERSION = YES_AGGRESSIVE;
				CLANG_CXX_LANGUAGE_STANDARD = "gnu++20";
				CLANG_ENABLE_MODULES = YES;
				CLANG_ENABLE_OBJC_ARC = YES;
				CLANG_ENABLE_OBJC_WEAK = YES;
				CLANG_WARN_BLOCK_CAPTURE_AUTORELEASING = YES;
				CLANG_WARN_BOOL_CONVERSION = YES;
				CLANG_WARN_COMMA = YES;
				CLANG_WARN_CONSTANT_CONVERSION = YES;
				CLANG_WARN_DEPRECATED_OBJC_IMPLEMENTATIONS = YES;
				CLANG_WARN_DIRECT_OBJC_ISA_USAGE = YES_ERROR;
				CLANG_WARN_DOCUMENTATION_COMMENTS = YES;
				CLANG_WARN_EMPTY_BODY = YES;
				CLANG_WARN_ENUM_CONVERSION = YES;
				CLANG_WARN_INFINITE_RECURSION = YES;
				CLANG_WARN_INT_CONVERSION = YES;
				CLANG_WARN_NON_LITERAL_NULL_CONVERSION = YES;
				CLANG_WARN_OBJC_IMPLICIT_RETAIN_SELF = YES;
				CLANG_WARN_OBJC_LITERAL_CONVERSION = YES;
				CLANG_WARN_OBJC_ROOT_CLASS = YES_ERROR;
				CLANG_WARN_QUOTED_INCLUDE_IN_FRAMEWORK_HEADER = YES;
				CLANG_WARN_RANGE_LOOP_ANALYSIS = YES;
				CLANG_WARN_STRICT_PROTOTYPES = YES;
				CLANG_WARN_SUSPICIOUS_MOVE = YES;
				CLANG_WARN_UNGUARDED_AVAILABILITY = YES_AGGRESSIVE;
				CLANG_WARN_UNREACHABLE_CODE = YES;
				CLANG_WARN__DUPLICATE_METHOD_MATCH = YES;
				COPY_PHASE_STRIP = NO;
				DEBUG_INFORMATION_FORMAT = "dwarf-with-dsym";
				ENABLE_NS_ASSERTIONS = NO;
				ENABLE_STRICT_OBJC_MSGSEND = YES;
				GCC_C_LANGUAGE_STANDARD = gnu11;
				GCC_NO_COMMON_BLOCKS = YES;
				GCC_WARN_64_TO_32_BIT_CONVERSION = YES;
				GCC_WARN_ABOUT_RETURN_TYPE = YES_ERROR;
				GCC_WARN_UNDECLARED_SELECTOR = YES;
				GCC_WARN_UNINITIALIZED_AUTOS = YES_AGGRESSIVE;
				GCC_WARN_UNUSED_FUNCTION = YES;
				GCC_WARN_UNUSED_VARIABLE = YES;
				IPHONEOS_DEPLOYMENT_TARGET = 16.2;
				MTL_ENABLE_DEBUG_INFO = NO;
				MTL_FAST_MATH = YES;
				SDKROOT = iphoneos;
				SWIFT_COMPILATION_MODE = wholemodule;
				SWIFT_OPTIMIZATION_LEVEL = "-O";
				VALIDATE_PRODUCT = YES;
			};
			name = Release;
		};
		5047D5E129AFA7170021832F /* Debug */ = {
			isa = XCBuildConfiguration;
			buildSettings = {
				ASSETCATALOG_COMPILER_APPICON_NAME = AppIcon;
				ASSETCATALOG_COMPILER_GLOBAL_ACCENT_COLOR_NAME = AccentColor;
				CODE_SIGN_STYLE = Automatic;
				CURRENT_PROJECT_VERSION = 1;
				DEVELOPMENT_ASSET_PATHS = "\"MusicByLocation/Preview Content\"";
				DEVELOPMENT_TEAM = XP9BJ9QH4X;
				ENABLE_PREVIEWS = YES;
				GENERATE_INFOPLIST_FILE = YES;
				INFOPLIST_KEY_NSLocationWhenInUseUsageDescription = "This app needs your location to find your favourite tunes";
				INFOPLIST_KEY_UIApplicationSceneManifest_Generation = YES;
				INFOPLIST_KEY_UIApplicationSupportsIndirectInputEvents = YES;
				INFOPLIST_KEY_UILaunchScreen_Generation = YES;
				INFOPLIST_KEY_UISupportedInterfaceOrientations_iPad = "UIInterfaceOrientationPortrait UIInterfaceOrientationPortraitUpsideDown UIInterfaceOrientationLandscapeLeft UIInterfaceOrientationLandscapeRight";
				INFOPLIST_KEY_UISupportedInterfaceOrientations_iPhone = "UIInterfaceOrientationPortrait UIInterfaceOrientationLandscapeLeft UIInterfaceOrientationLandscapeRight";
				LD_RUNPATH_SEARCH_PATHS = (
					"$(inherited)",
					"@executable_path/Frameworks",
				);
				MARKETING_VERSION = 1.0;
				PRODUCT_BUNDLE_IDENTIFIER = verekerl.MusicByLocation;
				PRODUCT_NAME = "$(TARGET_NAME)";
				SWIFT_EMIT_LOC_STRINGS = YES;
				SWIFT_VERSION = 5.0;
				TARGETED_DEVICE_FAMILY = "1,2";
			};
			name = Debug;
		};
		5047D5E229AFA7170021832F /* Release */ = {
			isa = XCBuildConfiguration;
			buildSettings = {
				ASSETCATALOG_COMPILER_APPICON_NAME = AppIcon;
				ASSETCATALOG_COMPILER_GLOBAL_ACCENT_COLOR_NAME = AccentColor;
				CODE_SIGN_STYLE = Automatic;
				CURRENT_PROJECT_VERSION = 1;
				DEVELOPMENT_ASSET_PATHS = "\"MusicByLocation/Preview Content\"";
				DEVELOPMENT_TEAM = XP9BJ9QH4X;
				ENABLE_PREVIEWS = YES;
				GENERATE_INFOPLIST_FILE = YES;
				INFOPLIST_KEY_NSLocationWhenInUseUsageDescription = "This app needs your location to find your favourite tunes";
				INFOPLIST_KEY_UIApplicationSceneManifest_Generation = YES;
				INFOPLIST_KEY_UIApplicationSupportsIndirectInputEvents = YES;
				INFOPLIST_KEY_UILaunchScreen_Generation = YES;
				INFOPLIST_KEY_UISupportedInterfaceOrientations_iPad = "UIInterfaceOrientationPortrait UIInterfaceOrientationPortraitUpsideDown UIInterfaceOrientationLandscapeLeft UIInterfaceOrientationLandscapeRight";
				INFOPLIST_KEY_UISupportedInterfaceOrientations_iPhone = "UIInterfaceOrientationPortrait UIInterfaceOrientationLandscapeLeft UIInterfaceOrientationLandscapeRight";
				LD_RUNPATH_SEARCH_PATHS = (
					"$(inherited)",
					"@executable_path/Frameworks",
				);
				MARKETING_VERSION = 1.0;
				PRODUCT_BUNDLE_IDENTIFIER = verekerl.MusicByLocation;
				PRODUCT_NAME = "$(TARGET_NAME)";
				SWIFT_EMIT_LOC_STRINGS = YES;
				SWIFT_VERSION = 5.0;
				TARGETED_DEVICE_FAMILY = "1,2";
			};
			name = Release;
		};
		5047D5E429AFA7170021832F /* Debug */ = {
			isa = XCBuildConfiguration;
			buildSettings = {
				ALWAYS_EMBED_SWIFT_STANDARD_LIBRARIES = YES;
				BUNDLE_LOADER = "$(TEST_HOST)";
				CODE_SIGN_STYLE = Automatic;
				CURRENT_PROJECT_VERSION = 1;
				DEVELOPMENT_TEAM = XP9BJ9QH4X;
				GENERATE_INFOPLIST_FILE = YES;
				IPHONEOS_DEPLOYMENT_TARGET = 16.2;
				MARKETING_VERSION = 1.0;
				PRODUCT_BUNDLE_IDENTIFIER = verekerl.MusicByLocationTests;
				PRODUCT_NAME = "$(TARGET_NAME)";
				SWIFT_EMIT_LOC_STRINGS = NO;
				SWIFT_VERSION = 5.0;
				TARGETED_DEVICE_FAMILY = "1,2";
				TEST_HOST = "$(BUILT_PRODUCTS_DIR)/MusicByLocation.app/$(BUNDLE_EXECUTABLE_FOLDER_PATH)/MusicByLocation";
			};
			name = Debug;
		};
		5047D5E529AFA7170021832F /* Release */ = {
			isa = XCBuildConfiguration;
			buildSettings = {
				ALWAYS_EMBED_SWIFT_STANDARD_LIBRARIES = YES;
				BUNDLE_LOADER = "$(TEST_HOST)";
				CODE_SIGN_STYLE = Automatic;
				CURRENT_PROJECT_VERSION = 1;
				DEVELOPMENT_TEAM = XP9BJ9QH4X;
				GENERATE_INFOPLIST_FILE = YES;
				IPHONEOS_DEPLOYMENT_TARGET = 16.2;
				MARKETING_VERSION = 1.0;
				PRODUCT_BUNDLE_IDENTIFIER = verekerl.MusicByLocationTests;
				PRODUCT_NAME = "$(TARGET_NAME)";
				SWIFT_EMIT_LOC_STRINGS = NO;
				SWIFT_VERSION = 5.0;
				TARGETED_DEVICE_FAMILY = "1,2";
				TEST_HOST = "$(BUILT_PRODUCTS_DIR)/MusicByLocation.app/$(BUNDLE_EXECUTABLE_FOLDER_PATH)/MusicByLocation";
			};
			name = Release;
		};
		5047D5E729AFA7170021832F /* Debug */ = {
			isa = XCBuildConfiguration;
			buildSettings = {
				ALWAYS_EMBED_SWIFT_STANDARD_LIBRARIES = YES;
				CODE_SIGN_STYLE = Automatic;
				CURRENT_PROJECT_VERSION = 1;
				DEVELOPMENT_TEAM = XP9BJ9QH4X;
				GENERATE_INFOPLIST_FILE = YES;
				MARKETING_VERSION = 1.0;
				PRODUCT_BUNDLE_IDENTIFIER = verekerl.MusicByLocationUITests;
				PRODUCT_NAME = "$(TARGET_NAME)";
				SWIFT_EMIT_LOC_STRINGS = NO;
				SWIFT_VERSION = 5.0;
				TARGETED_DEVICE_FAMILY = "1,2";
				TEST_TARGET_NAME = MusicByLocation;
			};
			name = Debug;
		};
		5047D5E829AFA7170021832F /* Release */ = {
			isa = XCBuildConfiguration;
			buildSettings = {
				ALWAYS_EMBED_SWIFT_STANDARD_LIBRARIES = YES;
				CODE_SIGN_STYLE = Automatic;
				CURRENT_PROJECT_VERSION = 1;
				DEVELOPMENT_TEAM = XP9BJ9QH4X;
				GENERATE_INFOPLIST_FILE = YES;
				MARKETING_VERSION = 1.0;
				PRODUCT_BUNDLE_IDENTIFIER = verekerl.MusicByLocationUITests;
				PRODUCT_NAME = "$(TARGET_NAME)";
				SWIFT_EMIT_LOC_STRINGS = NO;
				SWIFT_VERSION = 5.0;
				TARGETED_DEVICE_FAMILY = "1,2";
				TEST_TARGET_NAME = MusicByLocation;
			};
			name = Release;
		};
/* End XCBuildConfiguration section */

/* Begin XCConfigurationList section */
		5047D5B729AFA7140021832F /* Build configuration list for PBXProject "MusicByLocation" */ = {
			isa = XCConfigurationList;
			buildConfigurations = (
				5047D5DE29AFA7170021832F /* Debug */,
				5047D5DF29AFA7170021832F /* Release */,
			);
			defaultConfigurationIsVisible = 0;
			defaultConfigurationName = Release;
		};
		5047D5E029AFA7170021832F /* Build configuration list for PBXNativeTarget "MusicByLocation" */ = {
			isa = XCConfigurationList;
			buildConfigurations = (
				5047D5E129AFA7170021832F /* Debug */,
				5047D5E229AFA7170021832F /* Release */,
			);
			defaultConfigurationIsVisible = 0;
			defaultConfigurationName = Release;
		};
		5047D5E329AFA7170021832F /* Build configuration list for PBXNativeTarget "MusicByLocationTests" */ = {
			isa = XCConfigurationList;
			buildConfigurations = (
				5047D5E429AFA7170021832F /* Debug */,
				5047D5E529AFA7170021832F /* Release */,
			);
			defaultConfigurationIsVisible = 0;
			defaultConfigurationName = Release;
		};
		5047D5E629AFA7170021832F /* Build configuration list for PBXNativeTarget "MusicByLocationUITests" */ = {
			isa = XCConfigurationList;
			buildConfigurations = (
				5047D5E729AFA7170021832F /* Debug */,
				5047D5E829AFA7170021832F /* Release */,
			);
			defaultConfigurationIsVisible = 0;
			defaultConfigurationName = Release;
		};
/* End XCConfigurationList section */
	};
	rootObject = 5047D5B429AFA7140021832F /* Project object */;
}
